// !$*UTF8*$!
{
	archiveVersion = 1;
	classes = {
	};
	objectVersion = 56;
	objects = {

/* Begin PBXBuildFile section */
		260773D52AD82C58004E6E27 /* CartView.swift in Sources */ = {isa = PBXBuildFile; fileRef = 260773D42AD82C58004E6E27 /* CartView.swift */; };
		260773D72AD82D9C004E6E27 /* CartTableView.swift in Sources */ = {isa = PBXBuildFile; fileRef = 260773D62AD82D9C004E6E27 /* CartTableView.swift */; };
		260773D92AD82E61004E6E27 /* CartProductCell.swift in Sources */ = {isa = PBXBuildFile; fileRef = 260773D82AD82E61004E6E27 /* CartProductCell.swift */; };
		260773DB2AD82F1F004E6E27 /* CartPromoCell.swift in Sources */ = {isa = PBXBuildFile; fileRef = 260773DA2AD82F1F004E6E27 /* CartPromoCell.swift */; };
		260773E22AD83453004E6E27 /* EmptyView.swift in Sources */ = {isa = PBXBuildFile; fileRef = 260773E12AD83453004E6E27 /* EmptyView.swift */; };
		260773E42AD8434C004E6E27 /* Stepper.swift in Sources */ = {isa = PBXBuildFile; fileRef = 260773E32AD8434C004E6E27 /* Stepper.swift */; };
		260C0EDA2AFFC822000C43BD /* MenuApiClient.swift in Sources */ = {isa = PBXBuildFile; fileRef = 260C0ED92AFFC822000C43BD /* MenuApiClient.swift */; };
		2617574A2AE1875F002CFF96 /* LabelFactory.swift in Sources */ = {isa = PBXBuildFile; fileRef = 261757492AE1875F002CFF96 /* LabelFactory.swift */; };
		2617574C2AE18C85002CFF96 /* StackFactory.swift in Sources */ = {isa = PBXBuildFile; fileRef = 2617574B2AE18C85002CFF96 /* StackFactory.swift */; };
		26308E992ACC5FC200267B66 /* HeaderTableView.swift in Sources */ = {isa = PBXBuildFile; fileRef = 26308E982ACC5FC200267B66 /* HeaderTableView.swift */; };
		26308E9B2ACC76D100267B66 /* UIShadow.swift in Sources */ = {isa = PBXBuildFile; fileRef = 26308E9A2ACC76D100267B66 /* UIShadow.swift */; };
		263ADD4C2B161AFA00237ABE /* Router.swift in Sources */ = {isa = PBXBuildFile; fileRef = 263ADD4B2B161AF900237ABE /* Router.swift */; };
		26429B142AE96F26001F02DB /* DetailBuyButtonView.swift in Sources */ = {isa = PBXBuildFile; fileRef = 26429B132AE96F26001F02DB /* DetailBuyButtonView.swift */; };
		26429B162AE97228001F02DB /* DismissButtonView.swift in Sources */ = {isa = PBXBuildFile; fileRef = 26429B152AE97228001F02DB /* DismissButtonView.swift */; };
		264951CB2AF13F7E00DB8CE6 /* menu.json in Resources */ = {isa = PBXBuildFile; fileRef = 264951CA2AF13F7E00DB8CE6 /* menu.json */; };
		266D51512ACAD1B400CAF1AD /* SnapKit in Frameworks */ = {isa = PBXBuildFile; productRef = 266D51502ACAD1B400CAF1AD /* SnapKit */; };
		266D51532ACAD1B400CAF1AD /* SnapKit-Dynamic in Frameworks */ = {isa = PBXBuildFile; productRef = 266D51522ACAD1B400CAF1AD /* SnapKit-Dynamic */; };
		266D51552ACAD24200CAF1AD /* ProductCell.swift in Sources */ = {isa = PBXBuildFile; fileRef = 266D51542ACAD24200CAF1AD /* ProductCell.swift */; };
		266D515B2ACAF4E600CAF1AD /* CategoryCollectionView.swift in Sources */ = {isa = PBXBuildFile; fileRef = 266D515A2ACAF4E600CAF1AD /* CategoryCollectionView.swift */; };
		266D515F2ACAF6FA00CAF1AD /* CategoryCell.swift in Sources */ = {isa = PBXBuildFile; fileRef = 266D515E2ACAF6FA00CAF1AD /* CategoryCell.swift */; };
		266D51612ACAF80500CAF1AD /* CategoryAPI.swift in Sources */ = {isa = PBXBuildFile; fileRef = 266D51602ACAF80500CAF1AD /* CategoryAPI.swift */; };
		266D51632ACB026D00CAF1AD /* BannerAPI.swift in Sources */ = {isa = PBXBuildFile; fileRef = 266D51622ACB026D00CAF1AD /* BannerAPI.swift */; };
		266D51662ACB02B000CAF1AD /* BannerCollectionView.swift in Sources */ = {isa = PBXBuildFile; fileRef = 266D51652ACB02B000CAF1AD /* BannerCollectionView.swift */; };
		266D51692ACB02CD00CAF1AD /* BannerCell.swift in Sources */ = {isa = PBXBuildFile; fileRef = 266D51682ACB02CD00CAF1AD /* BannerCell.swift */; };
		267B65EF2AE2B68300BD5211 /* CartTotalPriceCell.swift in Sources */ = {isa = PBXBuildFile; fileRef = 267B65EE2AE2B68300BD5211 /* CartTotalPriceCell.swift */; };
		267B65F12AE2CE5300BD5211 /* CartBuyButtonView.swift in Sources */ = {isa = PBXBuildFile; fileRef = 267B65F02AE2CE5300BD5211 /* CartBuyButtonView.swift */; };
		2696C94C2AD5702300C9164D /* CallCell.swift in Sources */ = {isa = PBXBuildFile; fileRef = 2696C94B2AD5702300C9164D /* CallCell.swift */; };
		26998F482ACAC9CC00946CA5 /* AppDelegate.swift in Sources */ = {isa = PBXBuildFile; fileRef = 26998F472ACAC9CC00946CA5 /* AppDelegate.swift */; };
		26998F4A2ACAC9CC00946CA5 /* SceneDelegate.swift in Sources */ = {isa = PBXBuildFile; fileRef = 26998F492ACAC9CC00946CA5 /* SceneDelegate.swift */; };
		26998F4C2ACAC9CC00946CA5 /* MenuVC.swift in Sources */ = {isa = PBXBuildFile; fileRef = 26998F4B2ACAC9CC00946CA5 /* MenuVC.swift */; };
		26998F4F2ACAC9CC00946CA5 /* Main.storyboard in Resources */ = {isa = PBXBuildFile; fileRef = 26998F4D2ACAC9CC00946CA5 /* Main.storyboard */; };
		26998F512ACAC9CE00946CA5 /* Assets.xcassets in Resources */ = {isa = PBXBuildFile; fileRef = 26998F502ACAC9CE00946CA5 /* Assets.xcassets */; };
		26998F542ACAC9CE00946CA5 /* LaunchScreen.storyboard in Resources */ = {isa = PBXBuildFile; fileRef = 26998F522ACAC9CE00946CA5 /* LaunchScreen.storyboard */; };
		26ADA5B22AD3F1AE00120E1C /* IngredientAPI.swift in Sources */ = {isa = PBXBuildFile; fileRef = 26ADA5B12AD3F1AE00120E1C /* IngredientAPI.swift */; };
		26D2E0572B0CDEBD005F8440 /* Di.swift in Sources */ = {isa = PBXBuildFile; fileRef = 26D2E0562B0CDEBD005F8440 /* Di.swift */; };
		26D2E05D2B0CFD18005F8440 /* MenuProvider.swift in Sources */ = {isa = PBXBuildFile; fileRef = 26D2E05C2B0CFD18005F8440 /* MenuProvider.swift */; };
		26D2E05F2B0CFD9D005F8440 /* DetailProvider.swift in Sources */ = {isa = PBXBuildFile; fileRef = 26D2E05E2B0CFD9D005F8440 /* DetailProvider.swift */; };
		26D2E0612B0CFDB3005F8440 /* ContactsProvider.swift in Sources */ = {isa = PBXBuildFile; fileRef = 26D2E0602B0CFDB3005F8440 /* ContactsProvider.swift */; };
		26D2E0632B0CFDD9005F8440 /* CartProvider.swift in Sources */ = {isa = PBXBuildFile; fileRef = 26D2E0622B0CFDD9005F8440 /* CartProvider.swift */; };
		26D2E0682B0D05F0005F8440 /* CartArchiver.swift in Sources */ = {isa = PBXBuildFile; fileRef = 26D2E0672B0D05F0005F8440 /* CartArchiver.swift */; };
		26D2E06C2B0E273F005F8440 /* CartApiClient.swift in Sources */ = {isa = PBXBuildFile; fileRef = 26D2E06B2B0E273F005F8440 /* CartApiClient.swift */; };
		26DB40762AD95F1B0078A246 /* Order.swift in Sources */ = {isa = PBXBuildFile; fileRef = 26DB40752AD95F1B0078A246 /* Order.swift */; };
		26DB40782AD96A490078A246 /* ButtonFactory.swift in Sources */ = {isa = PBXBuildFile; fileRef = 26DB40772AD96A490078A246 /* ButtonFactory.swift */; };
		26E728B52ACD59EF007FFDE6 /* HeaderTableComponent.swift in Sources */ = {isa = PBXBuildFile; fileRef = 26E728B42ACD59EF007FFDE6 /* HeaderTableComponent.swift */; };
		26E728B72ACD6E39007FFDE6 /* DetailVC.swift in Sources */ = {isa = PBXBuildFile; fileRef = 26E728B62ACD6E39007FFDE6 /* DetailVC.swift */; };
		26E728E12ACEEA16007FFDE6 /* MainTabBarController.swift in Sources */ = {isa = PBXBuildFile; fileRef = 26E728E02ACEEA16007FFDE6 /* MainTabBarController.swift */; };
		26E728E32ACEEC4D007FFDE6 /* ContactsVC.swift in Sources */ = {isa = PBXBuildFile; fileRef = 26E728E22ACEEC4D007FFDE6 /* ContactsVC.swift */; };
		26E728E52ACEEC7A007FFDE6 /* CartVC.swift in Sources */ = {isa = PBXBuildFile; fileRef = 26E728E42ACEEC7A007FFDE6 /* CartVC.swift */; };
		26E728E82ACF00FA007FFDE6 /* ProductDetailCell.swift in Sources */ = {isa = PBXBuildFile; fileRef = 26E728E72ACF00FA007FFDE6 /* ProductDetailCell.swift */; };
		26F9A1B62AD6AAC80079CCC5 /* MenuTableView.swift in Sources */ = {isa = PBXBuildFile; fileRef = 26F9A1B52AD6AAC80079CCC5 /* MenuTableView.swift */; };
		26F9A1B82AD6B28C0079CCC5 /* MenuView.swift in Sources */ = {isa = PBXBuildFile; fileRef = 26F9A1B72AD6B28C0079CCC5 /* MenuView.swift */; };
		26F9A1BE2AD6BC0C0079CCC5 /* Product.swift in Sources */ = {isa = PBXBuildFile; fileRef = 26F9A1BD2AD6BC0C0079CCC5 /* Product.swift */; };
		26F9A1C02AD6BC3C0079CCC5 /* BannerModel.swift in Sources */ = {isa = PBXBuildFile; fileRef = 26F9A1BF2AD6BC3C0079CCC5 /* BannerModel.swift */; };
		26F9A1C22AD6BC5A0079CCC5 /* CategoryModel.swift in Sources */ = {isa = PBXBuildFile; fileRef = 26F9A1C12AD6BC5A0079CCC5 /* CategoryModel.swift */; };
		26F9A1C42AD6BC860079CCC5 /* IngredientModel.swift in Sources */ = {isa = PBXBuildFile; fileRef = 26F9A1C32AD6BC860079CCC5 /* IngredientModel.swift */; };
		26F9A1C72AD6DC460079CCC5 /* ContacsTableView.swift in Sources */ = {isa = PBXBuildFile; fileRef = 26F9A1C62AD6DC460079CCC5 /* ContacsTableView.swift */; };
		26F9A1C92AD6DC9A0079CCC5 /* ContactsView.swift in Sources */ = {isa = PBXBuildFile; fileRef = 26F9A1C82AD6DC9A0079CCC5 /* ContactsView.swift */; };
		26F9A1CC2AD6DFE80079CCC5 /* DetailView.swift in Sources */ = {isa = PBXBuildFile; fileRef = 26F9A1CB2AD6DFE80079CCC5 /* DetailView.swift */; };
		26F9A1CE2AD6E02B0079CCC5 /* DetailTableView.swift in Sources */ = {isa = PBXBuildFile; fileRef = 26F9A1CD2AD6E02B0079CCC5 /* DetailTableView.swift */; };
		26F9A1D32AD6E4130079CCC5 /* IngredientDetailCell.swift in Sources */ = {isa = PBXBuildFile; fileRef = 26F9A1D22AD6E4130079CCC5 /* IngredientDetailCell.swift */; };
		26F9A1D52AD6E4960079CCC5 /* DetailCollectionView.swift in Sources */ = {isa = PBXBuildFile; fileRef = 26F9A1D42AD6E4960079CCC5 /* DetailCollectionView.swift */; };
		26FD15EC2AD45D0C00BAE915 /* MapHeaderView.swift in Sources */ = {isa = PBXBuildFile; fileRef = 26FD15EB2AD45D0C00BAE915 /* MapHeaderView.swift */; };
		26FD15EE2AD45D2600BAE915 /* ButtonsCell.swift in Sources */ = {isa = PBXBuildFile; fileRef = 26FD15ED2AD45D2600BAE915 /* ButtonsCell.swift */; };
		26FD15F02AD45D3600BAE915 /* DocumentsCell.swift in Sources */ = {isa = PBXBuildFile; fileRef = 26FD15EF2AD45D3600BAE915 /* DocumentsCell.swift */; };
/* End PBXBuildFile section */

/* Begin PBXFileReference section */
		260773D42AD82C58004E6E27 /* CartView.swift */ = {isa = PBXFileReference; lastKnownFileType = sourcecode.swift; path = CartView.swift; sourceTree = "<group>"; };
		260773D62AD82D9C004E6E27 /* CartTableView.swift */ = {isa = PBXFileReference; lastKnownFileType = sourcecode.swift; path = CartTableView.swift; sourceTree = "<group>"; };
		260773D82AD82E61004E6E27 /* CartProductCell.swift */ = {isa = PBXFileReference; lastKnownFileType = sourcecode.swift; path = CartProductCell.swift; sourceTree = "<group>"; };
		260773DA2AD82F1F004E6E27 /* CartPromoCell.swift */ = {isa = PBXFileReference; lastKnownFileType = sourcecode.swift; path = CartPromoCell.swift; sourceTree = "<group>"; };
		260773E12AD83453004E6E27 /* EmptyView.swift */ = {isa = PBXFileReference; lastKnownFileType = sourcecode.swift; path = EmptyView.swift; sourceTree = "<group>"; };
		260773E32AD8434C004E6E27 /* Stepper.swift */ = {isa = PBXFileReference; fileEncoding = 4; lastKnownFileType = sourcecode.swift; path = Stepper.swift; sourceTree = "<group>"; };
		260C0ED92AFFC822000C43BD /* MenuApiClient.swift */ = {isa = PBXFileReference; lastKnownFileType = sourcecode.swift; path = MenuApiClient.swift; sourceTree = "<group>"; };
		261757492AE1875F002CFF96 /* LabelFactory.swift */ = {isa = PBXFileReference; lastKnownFileType = sourcecode.swift; path = LabelFactory.swift; sourceTree = "<group>"; };
		2617574B2AE18C85002CFF96 /* StackFactory.swift */ = {isa = PBXFileReference; lastKnownFileType = sourcecode.swift; path = StackFactory.swift; sourceTree = "<group>"; };
		26308E982ACC5FC200267B66 /* HeaderTableView.swift */ = {isa = PBXFileReference; lastKnownFileType = sourcecode.swift; path = HeaderTableView.swift; sourceTree = "<group>"; };
		26308E9A2ACC76D100267B66 /* UIShadow.swift */ = {isa = PBXFileReference; lastKnownFileType = sourcecode.swift; path = UIShadow.swift; sourceTree = "<group>"; };
		263ADD4B2B161AF900237ABE /* Router.swift */ = {isa = PBXFileReference; lastKnownFileType = sourcecode.swift; path = Router.swift; sourceTree = "<group>"; };
		26429B132AE96F26001F02DB /* DetailBuyButtonView.swift */ = {isa = PBXFileReference; lastKnownFileType = sourcecode.swift; path = DetailBuyButtonView.swift; sourceTree = "<group>"; };
		26429B152AE97228001F02DB /* DismissButtonView.swift */ = {isa = PBXFileReference; lastKnownFileType = sourcecode.swift; path = DismissButtonView.swift; sourceTree = "<group>"; };
		264951CA2AF13F7E00DB8CE6 /* menu.json */ = {isa = PBXFileReference; lastKnownFileType = text.json; path = menu.json; sourceTree = "<group>"; };
		266D51542ACAD24200CAF1AD /* ProductCell.swift */ = {isa = PBXFileReference; lastKnownFileType = sourcecode.swift; path = ProductCell.swift; sourceTree = "<group>"; };
		266D515A2ACAF4E600CAF1AD /* CategoryCollectionView.swift */ = {isa = PBXFileReference; lastKnownFileType = sourcecode.swift; path = CategoryCollectionView.swift; sourceTree = "<group>"; };
		266D515E2ACAF6FA00CAF1AD /* CategoryCell.swift */ = {isa = PBXFileReference; lastKnownFileType = sourcecode.swift; path = CategoryCell.swift; sourceTree = "<group>"; };
		266D51602ACAF80500CAF1AD /* CategoryAPI.swift */ = {isa = PBXFileReference; lastKnownFileType = sourcecode.swift; path = CategoryAPI.swift; sourceTree = "<group>"; };
		266D51622ACB026D00CAF1AD /* BannerAPI.swift */ = {isa = PBXFileReference; lastKnownFileType = sourcecode.swift; path = BannerAPI.swift; sourceTree = "<group>"; };
		266D51652ACB02B000CAF1AD /* BannerCollectionView.swift */ = {isa = PBXFileReference; lastKnownFileType = sourcecode.swift; path = BannerCollectionView.swift; sourceTree = "<group>"; };
		266D51682ACB02CD00CAF1AD /* BannerCell.swift */ = {isa = PBXFileReference; lastKnownFileType = sourcecode.swift; path = BannerCell.swift; sourceTree = "<group>"; };
		267B65EE2AE2B68300BD5211 /* CartTotalPriceCell.swift */ = {isa = PBXFileReference; lastKnownFileType = sourcecode.swift; path = CartTotalPriceCell.swift; sourceTree = "<group>"; };
		267B65F02AE2CE5300BD5211 /* CartBuyButtonView.swift */ = {isa = PBXFileReference; lastKnownFileType = sourcecode.swift; path = CartBuyButtonView.swift; sourceTree = "<group>"; };
		2696C94B2AD5702300C9164D /* CallCell.swift */ = {isa = PBXFileReference; lastKnownFileType = sourcecode.swift; path = CallCell.swift; sourceTree = "<group>"; };
		26998F442ACAC9CC00946CA5 /* pizza-app.app */ = {isa = PBXFileReference; explicitFileType = wrapper.application; includeInIndex = 0; path = "pizza-app.app"; sourceTree = BUILT_PRODUCTS_DIR; };
		26998F472ACAC9CC00946CA5 /* AppDelegate.swift */ = {isa = PBXFileReference; lastKnownFileType = sourcecode.swift; path = AppDelegate.swift; sourceTree = "<group>"; };
		26998F492ACAC9CC00946CA5 /* SceneDelegate.swift */ = {isa = PBXFileReference; lastKnownFileType = sourcecode.swift; path = SceneDelegate.swift; sourceTree = "<group>"; };
		26998F4B2ACAC9CC00946CA5 /* MenuVC.swift */ = {isa = PBXFileReference; lastKnownFileType = sourcecode.swift; path = MenuVC.swift; sourceTree = "<group>"; };
		26998F4E2ACAC9CC00946CA5 /* Base */ = {isa = PBXFileReference; lastKnownFileType = file.storyboard; name = Base; path = Base.lproj/Main.storyboard; sourceTree = "<group>"; };
		26998F502ACAC9CE00946CA5 /* Assets.xcassets */ = {isa = PBXFileReference; lastKnownFileType = folder.assetcatalog; path = Assets.xcassets; sourceTree = "<group>"; };
		26998F532ACAC9CE00946CA5 /* Base */ = {isa = PBXFileReference; lastKnownFileType = file.storyboard; name = Base; path = Base.lproj/LaunchScreen.storyboard; sourceTree = "<group>"; };
		26998F552ACAC9CE00946CA5 /* Info.plist */ = {isa = PBXFileReference; lastKnownFileType = text.plist.xml; path = Info.plist; sourceTree = "<group>"; };
		26ADA5B12AD3F1AE00120E1C /* IngredientAPI.swift */ = {isa = PBXFileReference; lastKnownFileType = sourcecode.swift; path = IngredientAPI.swift; sourceTree = "<group>"; };
		26D2E0562B0CDEBD005F8440 /* Di.swift */ = {isa = PBXFileReference; lastKnownFileType = sourcecode.swift; path = Di.swift; sourceTree = "<group>"; };
		26D2E05C2B0CFD18005F8440 /* MenuProvider.swift */ = {isa = PBXFileReference; lastKnownFileType = sourcecode.swift; path = MenuProvider.swift; sourceTree = "<group>"; };
		26D2E05E2B0CFD9D005F8440 /* DetailProvider.swift */ = {isa = PBXFileReference; lastKnownFileType = sourcecode.swift; path = DetailProvider.swift; sourceTree = "<group>"; };
		26D2E0602B0CFDB3005F8440 /* ContactsProvider.swift */ = {isa = PBXFileReference; lastKnownFileType = sourcecode.swift; path = ContactsProvider.swift; sourceTree = "<group>"; };
		26D2E0622B0CFDD9005F8440 /* CartProvider.swift */ = {isa = PBXFileReference; lastKnownFileType = sourcecode.swift; path = CartProvider.swift; sourceTree = "<group>"; };
		26D2E0672B0D05F0005F8440 /* CartArchiver.swift */ = {isa = PBXFileReference; lastKnownFileType = sourcecode.swift; path = CartArchiver.swift; sourceTree = "<group>"; };
		26D2E06B2B0E273F005F8440 /* CartApiClient.swift */ = {isa = PBXFileReference; lastKnownFileType = sourcecode.swift; path = CartApiClient.swift; sourceTree = "<group>"; };
		26DB40752AD95F1B0078A246 /* Order.swift */ = {isa = PBXFileReference; lastKnownFileType = sourcecode.swift; path = Order.swift; sourceTree = "<group>"; };
		26DB40772AD96A490078A246 /* ButtonFactory.swift */ = {isa = PBXFileReference; lastKnownFileType = sourcecode.swift; path = ButtonFactory.swift; sourceTree = "<group>"; };
		26E728B42ACD59EF007FFDE6 /* HeaderTableComponent.swift */ = {isa = PBXFileReference; lastKnownFileType = sourcecode.swift; path = HeaderTableComponent.swift; sourceTree = "<group>"; };
		26E728B62ACD6E39007FFDE6 /* DetailVC.swift */ = {isa = PBXFileReference; lastKnownFileType = sourcecode.swift; path = DetailVC.swift; sourceTree = "<group>"; };
		26E728E02ACEEA16007FFDE6 /* MainTabBarController.swift */ = {isa = PBXFileReference; lastKnownFileType = sourcecode.swift; path = MainTabBarController.swift; sourceTree = "<group>"; };
		26E728E22ACEEC4D007FFDE6 /* ContactsVC.swift */ = {isa = PBXFileReference; lastKnownFileType = sourcecode.swift; path = ContactsVC.swift; sourceTree = "<group>"; };
		26E728E42ACEEC7A007FFDE6 /* CartVC.swift */ = {isa = PBXFileReference; lastKnownFileType = sourcecode.swift; path = CartVC.swift; sourceTree = "<group>"; };
		26E728E72ACF00FA007FFDE6 /* ProductDetailCell.swift */ = {isa = PBXFileReference; lastKnownFileType = sourcecode.swift; path = ProductDetailCell.swift; sourceTree = "<group>"; };
		26F9A1B52AD6AAC80079CCC5 /* MenuTableView.swift */ = {isa = PBXFileReference; lastKnownFileType = sourcecode.swift; path = MenuTableView.swift; sourceTree = "<group>"; };
		26F9A1B72AD6B28C0079CCC5 /* MenuView.swift */ = {isa = PBXFileReference; lastKnownFileType = sourcecode.swift; path = MenuView.swift; sourceTree = "<group>"; };
		26F9A1BD2AD6BC0C0079CCC5 /* Product.swift */ = {isa = PBXFileReference; lastKnownFileType = sourcecode.swift; path = Product.swift; sourceTree = "<group>"; };
		26F9A1BF2AD6BC3C0079CCC5 /* BannerModel.swift */ = {isa = PBXFileReference; lastKnownFileType = sourcecode.swift; path = BannerModel.swift; sourceTree = "<group>"; };
		26F9A1C12AD6BC5A0079CCC5 /* CategoryModel.swift */ = {isa = PBXFileReference; lastKnownFileType = sourcecode.swift; path = CategoryModel.swift; sourceTree = "<group>"; };
		26F9A1C32AD6BC860079CCC5 /* IngredientModel.swift */ = {isa = PBXFileReference; lastKnownFileType = sourcecode.swift; path = IngredientModel.swift; sourceTree = "<group>"; };
		26F9A1C62AD6DC460079CCC5 /* ContacsTableView.swift */ = {isa = PBXFileReference; lastKnownFileType = sourcecode.swift; path = ContacsTableView.swift; sourceTree = "<group>"; };
		26F9A1C82AD6DC9A0079CCC5 /* ContactsView.swift */ = {isa = PBXFileReference; lastKnownFileType = sourcecode.swift; path = ContactsView.swift; sourceTree = "<group>"; };
		26F9A1CB2AD6DFE80079CCC5 /* DetailView.swift */ = {isa = PBXFileReference; lastKnownFileType = sourcecode.swift; path = DetailView.swift; sourceTree = "<group>"; };
		26F9A1CD2AD6E02B0079CCC5 /* DetailTableView.swift */ = {isa = PBXFileReference; lastKnownFileType = sourcecode.swift; path = DetailTableView.swift; sourceTree = "<group>"; };
		26F9A1D22AD6E4130079CCC5 /* IngredientDetailCell.swift */ = {isa = PBXFileReference; lastKnownFileType = sourcecode.swift; path = IngredientDetailCell.swift; sourceTree = "<group>"; };
		26F9A1D42AD6E4960079CCC5 /* DetailCollectionView.swift */ = {isa = PBXFileReference; lastKnownFileType = sourcecode.swift; path = DetailCollectionView.swift; sourceTree = "<group>"; };
		26FD15EB2AD45D0C00BAE915 /* MapHeaderView.swift */ = {isa = PBXFileReference; lastKnownFileType = sourcecode.swift; path = MapHeaderView.swift; sourceTree = "<group>"; };
		26FD15ED2AD45D2600BAE915 /* ButtonsCell.swift */ = {isa = PBXFileReference; lastKnownFileType = sourcecode.swift; path = ButtonsCell.swift; sourceTree = "<group>"; };
		26FD15EF2AD45D3600BAE915 /* DocumentsCell.swift */ = {isa = PBXFileReference; lastKnownFileType = sourcecode.swift; path = DocumentsCell.swift; sourceTree = "<group>"; };
/* End PBXFileReference section */

/* Begin PBXFrameworksBuildPhase section */
		26998F412ACAC9CC00946CA5 /* Frameworks */ = {
			isa = PBXFrameworksBuildPhase;
			buildActionMask = 2147483647;
			files = (
				266D51512ACAD1B400CAF1AD /* SnapKit in Frameworks */,
				266D51532ACAD1B400CAF1AD /* SnapKit-Dynamic in Frameworks */,
			);
			runOnlyForDeploymentPostprocessing = 0;
		};
/* End PBXFrameworksBuildPhase section */

/* Begin PBXGroup section */
		260773DC2AD82F88004E6E27 /* Cell */ = {
			isa = PBXGroup;
			children = (
				267B65EE2AE2B68300BD5211 /* CartTotalPriceCell.swift */,
				260773D82AD82E61004E6E27 /* CartProductCell.swift */,
				260773DA2AD82F1F004E6E27 /* CartPromoCell.swift */,
			);
			path = Cell;
			sourceTree = "<group>";
		};
		260773DD2AD82F9D004E6E27 /* View */ = {
			isa = PBXGroup;
			children = (
				260773D42AD82C58004E6E27 /* CartView.swift */,
				26429B0E2AE95078001F02DB /* SubViews */,
				260773DE2AD82FA9004E6E27 /* TableView */,
			);
			path = View;
			sourceTree = "<group>";
		};
		260773DE2AD82FA9004E6E27 /* TableView */ = {
			isa = PBXGroup;
			children = (
				260773D62AD82D9C004E6E27 /* CartTableView.swift */,
				260773DC2AD82F88004E6E27 /* Cell */,
			);
			path = TableView;
			sourceTree = "<group>";
		};
		26429B0E2AE95078001F02DB /* SubViews */ = {
			isa = PBXGroup;
			children = (
				267B65F02AE2CE5300BD5211 /* CartBuyButtonView.swift */,
				260773E12AD83453004E6E27 /* EmptyView.swift */,
			);
			path = SubViews;
			sourceTree = "<group>";
		};
		26429B122AE96F12001F02DB /* SubView */ = {
			isa = PBXGroup;
			children = (
				26429B152AE97228001F02DB /* DismissButtonView.swift */,
				26429B132AE96F26001F02DB /* DetailBuyButtonView.swift */,
			);
			path = SubView;
			sourceTree = "<group>";
		};
		266D51462ACACF8C00CAF1AD /* MenuVC */ = {
			isa = PBXGroup;
			children = (
				26998F4B2ACAC9CC00946CA5 /* MenuVC.swift */,
				26D2E05C2B0CFD18005F8440 /* MenuProvider.swift */,
				266D51562ACAD7BA00CAF1AD /* View */,
			);
			path = MenuVC;
			sourceTree = "<group>";
		};
		266D51472ACACF9A00CAF1AD /* ContactsVC */ = {
			isa = PBXGroup;
			children = (
				26E728E22ACEEC4D007FFDE6 /* ContactsVC.swift */,
				26D2E0602B0CFDB3005F8440 /* ContactsProvider.swift */,
				26F9A1CA2AD6DD740079CCC5 /* View */,
			);
			path = ContactsVC;
			sourceTree = "<group>";
		};
		266D51482ACACFC200CAF1AD /* CartVC */ = {
			isa = PBXGroup;
			children = (
				26E728E42ACEEC7A007FFDE6 /* CartVC.swift */,
				26D2E0622B0CFDD9005F8440 /* CartProvider.swift */,
				260773DD2AD82F9D004E6E27 /* View */,
			);
			path = CartVC;
			sourceTree = "<group>";
		};
		266D514A2ACAD00B00CAF1AD /* Components */ = {
			isa = PBXGroup;
			children = (
				260773E32AD8434C004E6E27 /* Stepper.swift */,
			);
			path = Components;
			sourceTree = "<group>";
		};
		266D514C2ACAD03100CAF1AD /* Services */ = {
			isa = PBXGroup;
			children = (
				263ADD4B2B161AF900237ABE /* Router.swift */,
				26DB40752AD95F1B0078A246 /* Order.swift */,
				26D2E0692B0DFB6A005F8440 /* API */,
				26D2E06A2B0DFB77005F8440 /* Archiver */,
			);
			path = Services;
			sourceTree = "<group>";
		};
		266D514D2ACAD03E00CAF1AD /* Extensions */ = {
			isa = PBXGroup;
			children = (
				26308E9A2ACC76D100267B66 /* UIShadow.swift */,
			);
			path = Extensions;
			sourceTree = "<group>";
		};
		266D514E2ACAD0C300CAF1AD /* DetailMenuVC */ = {
			isa = PBXGroup;
			children = (
				26E728B62ACD6E39007FFDE6 /* DetailVC.swift */,
				26D2E05E2B0CFD9D005F8440 /* DetailProvider.swift */,
				26F9A1CF2AD6E22A0079CCC5 /* View */,
			);
			path = DetailMenuVC;
			sourceTree = "<group>";
		};
		266D51562ACAD7BA00CAF1AD /* View */ = {
			isa = PBXGroup;
			children = (
				26F9A1B72AD6B28C0079CCC5 /* MenuView.swift */,
				26F9A1B92AD6B88D0079CCC5 /* TableView */,
				266D51642ACB029C00CAF1AD /* Banner */,
				266D515C2ACAF6CF00CAF1AD /* Category */,
			);
			path = View;
			sourceTree = "<group>";
		};
		266D51572ACAD7C900CAF1AD /* Cell */ = {
			isa = PBXGroup;
			children = (
				266D51542ACAD24200CAF1AD /* ProductCell.swift */,
			);
			path = Cell;
			sourceTree = "<group>";
		};
		266D515C2ACAF6CF00CAF1AD /* Category */ = {
			isa = PBXGroup;
			children = (
				266D515A2ACAF4E600CAF1AD /* CategoryCollectionView.swift */,
				266D515D2ACAF6E400CAF1AD /* Cell */,
			);
			path = Category;
			sourceTree = "<group>";
		};
		266D515D2ACAF6E400CAF1AD /* Cell */ = {
			isa = PBXGroup;
			children = (
				266D515E2ACAF6FA00CAF1AD /* CategoryCell.swift */,
			);
			path = Cell;
			sourceTree = "<group>";
		};
		266D51642ACB029C00CAF1AD /* Banner */ = {
			isa = PBXGroup;
			children = (
				266D51652ACB02B000CAF1AD /* BannerCollectionView.swift */,
				266D51672ACB02B600CAF1AD /* Cell */,
			);
			path = Banner;
			sourceTree = "<group>";
		};
		266D51672ACB02B600CAF1AD /* Cell */ = {
			isa = PBXGroup;
			children = (
				266D51682ACB02CD00CAF1AD /* BannerCell.swift */,
			);
			path = Cell;
			sourceTree = "<group>";
		};
		26998F3B2ACAC9CC00946CA5 = {
			isa = PBXGroup;
			children = (
				26998F462ACAC9CC00946CA5 /* pizza-app */,
				26998F452ACAC9CC00946CA5 /* Products */,
			);
			sourceTree = "<group>";
		};
		26998F452ACAC9CC00946CA5 /* Products */ = {
			isa = PBXGroup;
			children = (
				26998F442ACAC9CC00946CA5 /* pizza-app.app */,
			);
			name = Products;
			sourceTree = "<group>";
		};
		26998F462ACAC9CC00946CA5 /* pizza-app */ = {
			isa = PBXGroup;
			children = (
				26998F5B2ACAC9DF00946CA5 /* App */,
				26998F5D2ACAC9F200946CA5 /* Screens */,
				266D514C2ACAD03100CAF1AD /* Services */,
				26F9A1BC2AD6BBF50079CCC5 /* Models */,
				26F9A1BA2AD6BB120079CCC5 /* Library */,
				26998F5C2ACAC9EA00946CA5 /* Resources */,
			);
			path = "pizza-app";
			sourceTree = "<group>";
		};
		26998F5B2ACAC9DF00946CA5 /* App */ = {
			isa = PBXGroup;
			children = (
				26998F472ACAC9CC00946CA5 /* AppDelegate.swift */,
				26998F492ACAC9CC00946CA5 /* SceneDelegate.swift */,
				26D2E0562B0CDEBD005F8440 /* Di.swift */,
			);
			path = App;
			sourceTree = "<group>";
		};
		26998F5C2ACAC9EA00946CA5 /* Resources */ = {
			isa = PBXGroup;
			children = (
				264951CA2AF13F7E00DB8CE6 /* menu.json */,
				26998F4D2ACAC9CC00946CA5 /* Main.storyboard */,
				26998F502ACAC9CE00946CA5 /* Assets.xcassets */,
				26998F522ACAC9CE00946CA5 /* LaunchScreen.storyboard */,
				26998F552ACAC9CE00946CA5 /* Info.plist */,
			);
			path = Resources;
			sourceTree = "<group>";
		};
		26998F5D2ACAC9F200946CA5 /* Screens */ = {
			isa = PBXGroup;
			children = (
				26D2E0642B0CFE79005F8440 /* Main */,
				266D51462ACACF8C00CAF1AD /* MenuVC */,
				266D514E2ACAD0C300CAF1AD /* DetailMenuVC */,
				266D51472ACACF9A00CAF1AD /* ContactsVC */,
				266D51482ACACFC200CAF1AD /* CartVC */,
			);
			path = Screens;
			sourceTree = "<group>";
		};
		26D2E0642B0CFE79005F8440 /* Main */ = {
			isa = PBXGroup;
			children = (
				26E728E02ACEEA16007FFDE6 /* MainTabBarController.swift */,
			);
			path = Main;
			sourceTree = "<group>";
		};
		26D2E0692B0DFB6A005F8440 /* API */ = {
			isa = PBXGroup;
			children = (
				260C0ED92AFFC822000C43BD /* MenuApiClient.swift */,
				26ADA5B12AD3F1AE00120E1C /* IngredientAPI.swift */,
				266D51602ACAF80500CAF1AD /* CategoryAPI.swift */,
				266D51622ACB026D00CAF1AD /* BannerAPI.swift */,
				26D2E06B2B0E273F005F8440 /* CartApiClient.swift */,
			);
			path = API;
			sourceTree = "<group>";
		};
		26D2E06A2B0DFB77005F8440 /* Archiver */ = {
			isa = PBXGroup;
			children = (
				26D2E0672B0D05F0005F8440 /* CartArchiver.swift */,
			);
			path = Archiver;
			sourceTree = "<group>";
		};
		26F9A1B92AD6B88D0079CCC5 /* TableView */ = {
			isa = PBXGroup;
			children = (
				26308E982ACC5FC200267B66 /* HeaderTableView.swift */,
				26E728B42ACD59EF007FFDE6 /* HeaderTableComponent.swift */,
				26F9A1B52AD6AAC80079CCC5 /* MenuTableView.swift */,
				266D51572ACAD7C900CAF1AD /* Cell */,
			);
			path = TableView;
			sourceTree = "<group>";
		};
		26F9A1BA2AD6BB120079CCC5 /* Library */ = {
			isa = PBXGroup;
			children = (
				266D514D2ACAD03E00CAF1AD /* Extensions */,
				26F9A1BB2AD6BB290079CCC5 /* Factories */,
				266D514A2ACAD00B00CAF1AD /* Components */,
			);
			path = Library;
			sourceTree = "<group>";
		};
		26F9A1BB2AD6BB290079CCC5 /* Factories */ = {
			isa = PBXGroup;
			children = (
				26DB40772AD96A490078A246 /* ButtonFactory.swift */,
				261757492AE1875F002CFF96 /* LabelFactory.swift */,
				2617574B2AE18C85002CFF96 /* StackFactory.swift */,
			);
			path = Factories;
			sourceTree = "<group>";
		};
		26F9A1BC2AD6BBF50079CCC5 /* Models */ = {
			isa = PBXGroup;
			children = (
				26F9A1BD2AD6BC0C0079CCC5 /* Product.swift */,
				26F9A1BF2AD6BC3C0079CCC5 /* BannerModel.swift */,
				26F9A1C12AD6BC5A0079CCC5 /* CategoryModel.swift */,
				26F9A1C32AD6BC860079CCC5 /* IngredientModel.swift */,
			);
			name = Models;
			path = Services/Models;
			sourceTree = "<group>";
		};
		26F9A1C52AD6DC000079CCC5 /* Cell */ = {
			isa = PBXGroup;
			children = (
				2696C94B2AD5702300C9164D /* CallCell.swift */,
				26FD15ED2AD45D2600BAE915 /* ButtonsCell.swift */,
				26FD15EF2AD45D3600BAE915 /* DocumentsCell.swift */,
			);
			path = Cell;
			sourceTree = "<group>";
		};
		26F9A1CA2AD6DD740079CCC5 /* View */ = {
			isa = PBXGroup;
			children = (
				26F9A1C82AD6DC9A0079CCC5 /* ContactsView.swift */,
				26FD15EA2AD45C0900BAE915 /* TableView */,
			);
			path = View;
			sourceTree = "<group>";
		};
		26F9A1CF2AD6E22A0079CCC5 /* View */ = {
			isa = PBXGroup;
			children = (
				26F9A1CB2AD6DFE80079CCC5 /* DetailView.swift */,
				26429B122AE96F12001F02DB /* SubView */,
				26F9A1D02AD6E2B40079CCC5 /* TableView */,
				26F9A1D62AD6E7240079CCC5 /* CollectionView */,
			);
			path = View;
			sourceTree = "<group>";
		};
		26F9A1D02AD6E2B40079CCC5 /* TableView */ = {
			isa = PBXGroup;
			children = (
				26F9A1CD2AD6E02B0079CCC5 /* DetailTableView.swift */,
				26F9A1D12AD6E3220079CCC5 /* Cell */,
			);
			path = TableView;
			sourceTree = "<group>";
		};
		26F9A1D12AD6E3220079CCC5 /* Cell */ = {
			isa = PBXGroup;
			children = (
				26E728E72ACF00FA007FFDE6 /* ProductDetailCell.swift */,
			);
			path = Cell;
			sourceTree = "<group>";
		};
		26F9A1D62AD6E7240079CCC5 /* CollectionView */ = {
			isa = PBXGroup;
			children = (
				26F9A1D42AD6E4960079CCC5 /* DetailCollectionView.swift */,
				26F9A1D72AD6E7350079CCC5 /* Cell */,
			);
			path = CollectionView;
			sourceTree = "<group>";
		};
		26F9A1D72AD6E7350079CCC5 /* Cell */ = {
			isa = PBXGroup;
			children = (
				26F9A1D22AD6E4130079CCC5 /* IngredientDetailCell.swift */,
			);
			path = Cell;
			sourceTree = "<group>";
		};
		26FD15EA2AD45C0900BAE915 /* TableView */ = {
			isa = PBXGroup;
			children = (
				26FD15EB2AD45D0C00BAE915 /* MapHeaderView.swift */,
				26F9A1C62AD6DC460079CCC5 /* ContacsTableView.swift */,
				26F9A1C52AD6DC000079CCC5 /* Cell */,
			);
			path = TableView;
			sourceTree = "<group>";
		};
/* End PBXGroup section */

/* Begin PBXNativeTarget section */
		26998F432ACAC9CC00946CA5 /* pizza-app */ = {
			isa = PBXNativeTarget;
			buildConfigurationList = 26998F582ACAC9CE00946CA5 /* Build configuration list for PBXNativeTarget "pizza-app" */;
			buildPhases = (
				26998F402ACAC9CC00946CA5 /* Sources */,
				26998F412ACAC9CC00946CA5 /* Frameworks */,
				26998F422ACAC9CC00946CA5 /* Resources */,
			);
			buildRules = (
			);
			dependencies = (
			);
			name = "pizza-app";
			packageProductDependencies = (
				266D51502ACAD1B400CAF1AD /* SnapKit */,
				266D51522ACAD1B400CAF1AD /* SnapKit-Dynamic */,
			);
			productName = "pizza-app";
			productReference = 26998F442ACAC9CC00946CA5 /* pizza-app.app */;
			productType = "com.apple.product-type.application";
		};
/* End PBXNativeTarget section */

/* Begin PBXProject section */
		26998F3C2ACAC9CC00946CA5 /* Project object */ = {
			isa = PBXProject;
			attributes = {
				BuildIndependentTargetsInParallel = 1;
				LastSwiftUpdateCheck = 1500;
				LastUpgradeCheck = 1500;
				TargetAttributes = {
					26998F432ACAC9CC00946CA5 = {
						CreatedOnToolsVersion = 15.0;
					};
				};
			};
			buildConfigurationList = 26998F3F2ACAC9CC00946CA5 /* Build configuration list for PBXProject "pizza-app" */;
			compatibilityVersion = "Xcode 14.0";
			developmentRegion = en;
			hasScannedForEncodings = 0;
			knownRegions = (
				en,
				Base,
			);
			mainGroup = 26998F3B2ACAC9CC00946CA5;
			packageReferences = (
				266D514F2ACAD1B400CAF1AD /* XCRemoteSwiftPackageReference "SnapKit" */,
			);
			productRefGroup = 26998F452ACAC9CC00946CA5 /* Products */;
			projectDirPath = "";
			projectRoot = "";
			targets = (
				26998F432ACAC9CC00946CA5 /* pizza-app */,
			);
		};
/* End PBXProject section */

/* Begin PBXResourcesBuildPhase section */
		26998F422ACAC9CC00946CA5 /* Resources */ = {
			isa = PBXResourcesBuildPhase;
			buildActionMask = 2147483647;
			files = (
				26998F542ACAC9CE00946CA5 /* LaunchScreen.storyboard in Resources */,
				26998F512ACAC9CE00946CA5 /* Assets.xcassets in Resources */,
				264951CB2AF13F7E00DB8CE6 /* menu.json in Resources */,
				26998F4F2ACAC9CC00946CA5 /* Main.storyboard in Resources */,
			);
			runOnlyForDeploymentPostprocessing = 0;
		};
/* End PBXResourcesBuildPhase section */

/* Begin PBXSourcesBuildPhase section */
		26998F402ACAC9CC00946CA5 /* Sources */ = {
			isa = PBXSourcesBuildPhase;
			buildActionMask = 2147483647;
			files = (
				260773D92AD82E61004E6E27 /* CartProductCell.swift in Sources */,
				267B65F12AE2CE5300BD5211 /* CartBuyButtonView.swift in Sources */,
				266D51632ACB026D00CAF1AD /* BannerAPI.swift in Sources */,
				26F9A1CC2AD6DFE80079CCC5 /* DetailView.swift in Sources */,
				26D2E05D2B0CFD18005F8440 /* MenuProvider.swift in Sources */,
				26DB40762AD95F1B0078A246 /* Order.swift in Sources */,
				260C0EDA2AFFC822000C43BD /* MenuApiClient.swift in Sources */,
				26D2E0682B0D05F0005F8440 /* CartArchiver.swift in Sources */,
				26998F4C2ACAC9CC00946CA5 /* MenuVC.swift in Sources */,
				2617574C2AE18C85002CFF96 /* StackFactory.swift in Sources */,
				266D51612ACAF80500CAF1AD /* CategoryAPI.swift in Sources */,
				26F9A1CE2AD6E02B0079CCC5 /* DetailTableView.swift in Sources */,
				26F9A1C92AD6DC9A0079CCC5 /* ContactsView.swift in Sources */,
				26308E992ACC5FC200267B66 /* HeaderTableView.swift in Sources */,
				266D51552ACAD24200CAF1AD /* ProductCell.swift in Sources */,
				26FD15EE2AD45D2600BAE915 /* ButtonsCell.swift in Sources */,
				26FD15F02AD45D3600BAE915 /* DocumentsCell.swift in Sources */,
				263ADD4C2B161AFA00237ABE /* Router.swift in Sources */,
				266D515F2ACAF6FA00CAF1AD /* CategoryCell.swift in Sources */,
				26E728B52ACD59EF007FFDE6 /* HeaderTableComponent.swift in Sources */,
				26429B142AE96F26001F02DB /* DetailBuyButtonView.swift in Sources */,
				266D51662ACB02B000CAF1AD /* BannerCollectionView.swift in Sources */,
				260773D52AD82C58004E6E27 /* CartView.swift in Sources */,
				26998F482ACAC9CC00946CA5 /* AppDelegate.swift in Sources */,
				267B65EF2AE2B68300BD5211 /* CartTotalPriceCell.swift in Sources */,
				26998F4A2ACAC9CC00946CA5 /* SceneDelegate.swift in Sources */,
				26308E9B2ACC76D100267B66 /* UIShadow.swift in Sources */,
				26E728E12ACEEA16007FFDE6 /* MainTabBarController.swift in Sources */,
				26F9A1C42AD6BC860079CCC5 /* IngredientModel.swift in Sources */,
				26D2E0632B0CFDD9005F8440 /* CartProvider.swift in Sources */,
				260773D72AD82D9C004E6E27 /* CartTableView.swift in Sources */,
				260773E22AD83453004E6E27 /* EmptyView.swift in Sources */,
				26429B162AE97228001F02DB /* DismissButtonView.swift in Sources */,
				26D2E06C2B0E273F005F8440 /* CartApiClient.swift in Sources */,
				26F9A1B82AD6B28C0079CCC5 /* MenuView.swift in Sources */,
				26DB40782AD96A490078A246 /* ButtonFactory.swift in Sources */,
				2617574A2AE1875F002CFF96 /* LabelFactory.swift in Sources */,
				26D2E05F2B0CFD9D005F8440 /* DetailProvider.swift in Sources */,
				26E728B72ACD6E39007FFDE6 /* DetailVC.swift in Sources */,
				26F9A1BE2AD6BC0C0079CCC5 /* Product.swift in Sources */,
				26F9A1B62AD6AAC80079CCC5 /* MenuTableView.swift in Sources */,
				26E728E52ACEEC7A007FFDE6 /* CartVC.swift in Sources */,
				26FD15EC2AD45D0C00BAE915 /* MapHeaderView.swift in Sources */,
				266D515B2ACAF4E600CAF1AD /* CategoryCollectionView.swift in Sources */,
				2696C94C2AD5702300C9164D /* CallCell.swift in Sources */,
				26D2E0612B0CFDB3005F8440 /* ContactsProvider.swift in Sources */,
				266D51692ACB02CD00CAF1AD /* BannerCell.swift in Sources */,
				26E728E82ACF00FA007FFDE6 /* ProductDetailCell.swift in Sources */,
				26E728E32ACEEC4D007FFDE6 /* ContactsVC.swift in Sources */,
				26F9A1C72AD6DC460079CCC5 /* ContacsTableView.swift in Sources */,
				260773DB2AD82F1F004E6E27 /* CartPromoCell.swift in Sources */,
				26D2E0572B0CDEBD005F8440 /* Di.swift in Sources */,
				26F9A1D32AD6E4130079CCC5 /* IngredientDetailCell.swift in Sources */,
				26ADA5B22AD3F1AE00120E1C /* IngredientAPI.swift in Sources */,
				26F9A1D52AD6E4960079CCC5 /* DetailCollectionView.swift in Sources */,
				26F9A1C22AD6BC5A0079CCC5 /* CategoryModel.swift in Sources */,
				26F9A1C02AD6BC3C0079CCC5 /* BannerModel.swift in Sources */,
				260773E42AD8434C004E6E27 /* Stepper.swift in Sources */,
			);
			runOnlyForDeploymentPostprocessing = 0;
		};
/* End PBXSourcesBuildPhase section */

/* Begin PBXVariantGroup section */
		26998F4D2ACAC9CC00946CA5 /* Main.storyboard */ = {
			isa = PBXVariantGroup;
			children = (
				26998F4E2ACAC9CC00946CA5 /* Base */,
			);
			name = Main.storyboard;
			sourceTree = "<group>";
		};
		26998F522ACAC9CE00946CA5 /* LaunchScreen.storyboard */ = {
			isa = PBXVariantGroup;
			children = (
				26998F532ACAC9CE00946CA5 /* Base */,
			);
			name = LaunchScreen.storyboard;
			sourceTree = "<group>";
		};
/* End PBXVariantGroup section */

/* Begin XCBuildConfiguration section */
		26998F562ACAC9CE00946CA5 /* Debug */ = {
			isa = XCBuildConfiguration;
			buildSettings = {
				ALWAYS_SEARCH_USER_PATHS = NO;
				ASSETCATALOG_COMPILER_GENERATE_SWIFT_ASSET_SYMBOL_EXTENSIONS = YES;
				CLANG_ANALYZER_NONNULL = YES;
				CLANG_ANALYZER_NUMBER_OBJECT_CONVERSION = YES_AGGRESSIVE;
				CLANG_CXX_LANGUAGE_STANDARD = "gnu++20";
				CLANG_ENABLE_MODULES = YES;
				CLANG_ENABLE_OBJC_ARC = YES;
				CLANG_ENABLE_OBJC_WEAK = YES;
				CLANG_WARN_BLOCK_CAPTURE_AUTORELEASING = YES;
				CLANG_WARN_BOOL_CONVERSION = YES;
				CLANG_WARN_COMMA = YES;
				CLANG_WARN_CONSTANT_CONVERSION = YES;
				CLANG_WARN_DEPRECATED_OBJC_IMPLEMENTATIONS = YES;
				CLANG_WARN_DIRECT_OBJC_ISA_USAGE = YES_ERROR;
				CLANG_WARN_DOCUMENTATION_COMMENTS = YES;
				CLANG_WARN_EMPTY_BODY = YES;
				CLANG_WARN_ENUM_CONVERSION = YES;
				CLANG_WARN_INFINITE_RECURSION = YES;
				CLANG_WARN_INT_CONVERSION = YES;
				CLANG_WARN_NON_LITERAL_NULL_CONVERSION = YES;
				CLANG_WARN_OBJC_IMPLICIT_RETAIN_SELF = YES;
				CLANG_WARN_OBJC_LITERAL_CONVERSION = YES;
				CLANG_WARN_OBJC_ROOT_CLASS = YES_ERROR;
				CLANG_WARN_QUOTED_INCLUDE_IN_FRAMEWORK_HEADER = YES;
				CLANG_WARN_RANGE_LOOP_ANALYSIS = YES;
				CLANG_WARN_STRICT_PROTOTYPES = YES;
				CLANG_WARN_SUSPICIOUS_MOVE = YES;
				CLANG_WARN_UNGUARDED_AVAILABILITY = YES_AGGRESSIVE;
				CLANG_WARN_UNREACHABLE_CODE = YES;
				CLANG_WARN__DUPLICATE_METHOD_MATCH = YES;
				COPY_PHASE_STRIP = NO;
				DEBUG_INFORMATION_FORMAT = dwarf;
				ENABLE_STRICT_OBJC_MSGSEND = YES;
				ENABLE_TESTABILITY = YES;
				ENABLE_USER_SCRIPT_SANDBOXING = YES;
				GCC_C_LANGUAGE_STANDARD = gnu17;
				GCC_DYNAMIC_NO_PIC = NO;
				GCC_NO_COMMON_BLOCKS = YES;
				GCC_OPTIMIZATION_LEVEL = 0;
				GCC_PREPROCESSOR_DEFINITIONS = (
					"DEBUG=1",
					"$(inherited)",
				);
				GCC_WARN_64_TO_32_BIT_CONVERSION = YES;
				GCC_WARN_ABOUT_RETURN_TYPE = YES_ERROR;
				GCC_WARN_UNDECLARED_SELECTOR = YES;
				GCC_WARN_UNINITIALIZED_AUTOS = YES_AGGRESSIVE;
				GCC_WARN_UNUSED_FUNCTION = YES;
				GCC_WARN_UNUSED_VARIABLE = YES;
				IPHONEOS_DEPLOYMENT_TARGET = 17.0;
				LOCALIZATION_PREFERS_STRING_CATALOGS = YES;
				MTL_ENABLE_DEBUG_INFO = INCLUDE_SOURCE;
				MTL_FAST_MATH = YES;
				ONLY_ACTIVE_ARCH = YES;
				SDKROOT = iphoneos;
				SWIFT_ACTIVE_COMPILATION_CONDITIONS = "DEBUG $(inherited)";
				SWIFT_OPTIMIZATION_LEVEL = "-Onone";
			};
			name = Debug;
		};
		26998F572ACAC9CE00946CA5 /* Release */ = {
			isa = XCBuildConfiguration;
			buildSettings = {
				ALWAYS_SEARCH_USER_PATHS = NO;
				ASSETCATALOG_COMPILER_GENERATE_SWIFT_ASSET_SYMBOL_EXTENSIONS = YES;
				CLANG_ANALYZER_NONNULL = YES;
				CLANG_ANALYZER_NUMBER_OBJECT_CONVERSION = YES_AGGRESSIVE;
				CLANG_CXX_LANGUAGE_STANDARD = "gnu++20";
				CLANG_ENABLE_MODULES = YES;
				CLANG_ENABLE_OBJC_ARC = YES;
				CLANG_ENABLE_OBJC_WEAK = YES;
				CLANG_WARN_BLOCK_CAPTURE_AUTORELEASING = YES;
				CLANG_WARN_BOOL_CONVERSION = YES;
				CLANG_WARN_COMMA = YES;
				CLANG_WARN_CONSTANT_CONVERSION = YES;
				CLANG_WARN_DEPRECATED_OBJC_IMPLEMENTATIONS = YES;
				CLANG_WARN_DIRECT_OBJC_ISA_USAGE = YES_ERROR;
				CLANG_WARN_DOCUMENTATION_COMMENTS = YES;
				CLANG_WARN_EMPTY_BODY = YES;
				CLANG_WARN_ENUM_CONVERSION = YES;
				CLANG_WARN_INFINITE_RECURSION = YES;
				CLANG_WARN_INT_CONVERSION = YES;
				CLANG_WARN_NON_LITERAL_NULL_CONVERSION = YES;
				CLANG_WARN_OBJC_IMPLICIT_RETAIN_SELF = YES;
				CLANG_WARN_OBJC_LITERAL_CONVERSION = YES;
				CLANG_WARN_OBJC_ROOT_CLASS = YES_ERROR;
				CLANG_WARN_QUOTED_INCLUDE_IN_FRAMEWORK_HEADER = YES;
				CLANG_WARN_RANGE_LOOP_ANALYSIS = YES;
				CLANG_WARN_STRICT_PROTOTYPES = YES;
				CLANG_WARN_SUSPICIOUS_MOVE = YES;
				CLANG_WARN_UNGUARDED_AVAILABILITY = YES_AGGRESSIVE;
				CLANG_WARN_UNREACHABLE_CODE = YES;
				CLANG_WARN__DUPLICATE_METHOD_MATCH = YES;
				COPY_PHASE_STRIP = NO;
				DEBUG_INFORMATION_FORMAT = "dwarf-with-dsym";
				ENABLE_NS_ASSERTIONS = NO;
				ENABLE_STRICT_OBJC_MSGSEND = YES;
				ENABLE_USER_SCRIPT_SANDBOXING = YES;
				GCC_C_LANGUAGE_STANDARD = gnu17;
				GCC_NO_COMMON_BLOCKS = YES;
				GCC_WARN_64_TO_32_BIT_CONVERSION = YES;
				GCC_WARN_ABOUT_RETURN_TYPE = YES_ERROR;
				GCC_WARN_UNDECLARED_SELECTOR = YES;
				GCC_WARN_UNINITIALIZED_AUTOS = YES_AGGRESSIVE;
				GCC_WARN_UNUSED_FUNCTION = YES;
				GCC_WARN_UNUSED_VARIABLE = YES;
				IPHONEOS_DEPLOYMENT_TARGET = 17.0;
				LOCALIZATION_PREFERS_STRING_CATALOGS = YES;
				MTL_ENABLE_DEBUG_INFO = NO;
				MTL_FAST_MATH = YES;
				SDKROOT = iphoneos;
				SWIFT_COMPILATION_MODE = wholemodule;
				VALIDATE_PRODUCT = YES;
			};
			name = Release;
		};
		26998F592ACAC9CE00946CA5 /* Debug */ = {
			isa = XCBuildConfiguration;
			buildSettings = {
				ASSETCATALOG_COMPILER_APPICON_NAME = AppIcon;
				ASSETCATALOG_COMPILER_GLOBAL_ACCENT_COLOR_NAME = AccentColor;
				CODE_SIGN_STYLE = Automatic;
				CURRENT_PROJECT_VERSION = 1;
				DEVELOPMENT_TEAM = D6YY79Y7VV;
				GENERATE_INFOPLIST_FILE = YES;
				INFOPLIST_FILE = "pizza-app/Resources/Info.plist";
				INFOPLIST_KEY_UIApplicationSupportsIndirectInputEvents = YES;
				INFOPLIST_KEY_UILaunchStoryboardName = LaunchScreen;
				INFOPLIST_KEY_UIMainStoryboardFile = Main;
				INFOPLIST_KEY_UISupportedInterfaceOrientations_iPad = "UIInterfaceOrientationPortrait UIInterfaceOrientationPortraitUpsideDown UIInterfaceOrientationLandscapeLeft UIInterfaceOrientationLandscapeRight";
				INFOPLIST_KEY_UISupportedInterfaceOrientations_iPhone = "UIInterfaceOrientationPortrait UIInterfaceOrientationLandscapeLeft UIInterfaceOrientationLandscapeRight";
				LD_RUNPATH_SEARCH_PATHS = (
					"$(inherited)",
					"@executable_path/Frameworks",
				);
				MARKETING_VERSION = 1.0;
				PRODUCT_BUNDLE_IDENTIFIER = "com.buthusaim.pizza-app";
				PRODUCT_NAME = "$(TARGET_NAME)";
				SWIFT_EMIT_LOC_STRINGS = YES;
				SWIFT_VERSION = 5.0;
				TARGETED_DEVICE_FAMILY = "1,2";
			};
			name = Debug;
		};
		26998F5A2ACAC9CE00946CA5 /* Release */ = {
			isa = XCBuildConfiguration;
			buildSettings = {
				ASSETCATALOG_COMPILER_APPICON_NAME = AppIcon;
				ASSETCATALOG_COMPILER_GLOBAL_ACCENT_COLOR_NAME = AccentColor;
				CODE_SIGN_STYLE = Automatic;
				CURRENT_PROJECT_VERSION = 1;
				DEVELOPMENT_TEAM = D6YY79Y7VV;
				GENERATE_INFOPLIST_FILE = YES;
				INFOPLIST_FILE = "pizza-app/Resources/Info.plist";
				INFOPLIST_KEY_UIApplicationSupportsIndirectInputEvents = YES;
				INFOPLIST_KEY_UILaunchStoryboardName = LaunchScreen;
				INFOPLIST_KEY_UIMainStoryboardFile = Main;
				INFOPLIST_KEY_UISupportedInterfaceOrientations_iPad = "UIInterfaceOrientationPortrait UIInterfaceOrientationPortraitUpsideDown UIInterfaceOrientationLandscapeLeft UIInterfaceOrientationLandscapeRight";
				INFOPLIST_KEY_UISupportedInterfaceOrientations_iPhone = "UIInterfaceOrientationPortrait UIInterfaceOrientationLandscapeLeft UIInterfaceOrientationLandscapeRight";
				LD_RUNPATH_SEARCH_PATHS = (
					"$(inherited)",
					"@executable_path/Frameworks",
				);
				MARKETING_VERSION = 1.0;
				PRODUCT_BUNDLE_IDENTIFIER = "com.buthusaim.pizza-app";
				PRODUCT_NAME = "$(TARGET_NAME)";
				SWIFT_EMIT_LOC_STRINGS = YES;
				SWIFT_VERSION = 5.0;
				TARGETED_DEVICE_FAMILY = "1,2";
			};
			name = Release;
		};
/* End XCBuildConfiguration section */

/* Begin XCConfigurationList section */
		26998F3F2ACAC9CC00946CA5 /* Build configuration list for PBXProject "pizza-app" */ = {
			isa = XCConfigurationList;
			buildConfigurations = (
				26998F562ACAC9CE00946CA5 /* Debug */,
				26998F572ACAC9CE00946CA5 /* Release */,
			);
			defaultConfigurationIsVisible = 0;
			defaultConfigurationName = Release;
		};
		26998F582ACAC9CE00946CA5 /* Build configuration list for PBXNativeTarget "pizza-app" */ = {
			isa = XCConfigurationList;
			buildConfigurations = (
				26998F592ACAC9CE00946CA5 /* Debug */,
				26998F5A2ACAC9CE00946CA5 /* Release */,
			);
			defaultConfigurationIsVisible = 0;
			defaultConfigurationName = Release;
		};
/* End XCConfigurationList section */

/* Begin XCRemoteSwiftPackageReference section */
		266D514F2ACAD1B400CAF1AD /* XCRemoteSwiftPackageReference "SnapKit" */ = {
			isa = XCRemoteSwiftPackageReference;
			repositoryURL = "https://github.com/SnapKit/SnapKit.git";
			requirement = {
				kind = upToNextMinorVersion;
				minimumVersion = 5.6.0;
			};
		};
/* End XCRemoteSwiftPackageReference section */

/* Begin XCSwiftPackageProductDependency section */
		266D51502ACAD1B400CAF1AD /* SnapKit */ = {
			isa = XCSwiftPackageProductDependency;
			package = 266D514F2ACAD1B400CAF1AD /* XCRemoteSwiftPackageReference "SnapKit" */;
			productName = SnapKit;
		};
		266D51522ACAD1B400CAF1AD /* SnapKit-Dynamic */ = {
			isa = XCSwiftPackageProductDependency;
			package = 266D514F2ACAD1B400CAF1AD /* XCRemoteSwiftPackageReference "SnapKit" */;
			productName = "SnapKit-Dynamic";
		};
/* End XCSwiftPackageProductDependency section */
	};
	rootObject = 26998F3C2ACAC9CC00946CA5 /* Project object */;
}
